
Microsoft Visual Studio Solution File, Format Version 12.00
# Visual Studio Version 17
VisualStudioVersion = 17.2.32630.192
MinimumVisualStudioVersion = 10.0.40219.1
Project("{FAE04EC0-301F-11D3-BF4B-00C04F79EFBC}") = "translator-with-deepl-api", "translator-with-deepl-api\translator-with-deepl-api.csproj", "{5A6658AF-8250-490F-96CA-B502F6275C7C}"
EndProject
Global
	GlobalSection(SolutionConfigurationPlatforms) = preSolution
		Debug|Any CPU = Debug|Any CPU
		Release|Any CPU = Release|Any CPU
	EndGlobalSection
	GlobalSection(ProjectConfigurationPlatforms) = postSolution
		{5A6658AF-8250-490F-96CA-B502F6275C7C}.Debug|Any CPU.ActiveCfg = Debug|Any CPU
		{5A6658AF-8250-490F-96CA-B502F6275C7C}.Debug|Any CPU.Build.0 = Debug|Any CPU
		{5A6658AF-8250-490F-96CA-B502F6275C7C}.Release|Any CPU.ActiveCfg = Release|Any CPU
		{5A6658AF-8250-490F-96CA-B502F6275C7C}.Release|Any CPU.Build.0 = Release|Any CPU
	EndGlobalSection
	GlobalSection(SolutionProperties) = preSolution
		HideSolutionNode = FALSE
	EndGlobalSection
	GlobalSection(ExtensibilityGlobals) = postSolution
		SolutionGuid = {88788388-255B-4209-80DC-B2DF9D3741EA}
	EndGlobalSection
EndGlobal
